
Microsoft Visual Studio Solution File, Format Version 12.00
# Visual Studio Version 17
VisualStudioVersion = 17.7.34018.315
MinimumVisualStudioVersion = 10.0.40219.1
Project("{9A19103F-16F7-4668-BE54-9A1E7A4F7556}") = "インボイス番号検索ツール", "インボイス番号検索ツール.csproj", "{6CB87959-0876-4639-B25A-05ADDD145D75}"
EndProject
Project("{54435603-DBB4-11D2-8724-00A0C9A8B90C}") = "インボイス番号検索ツール_Installer", "..\インボイス番号検索ツール_Installer\インボイス番号検索ツール_Installer.vdproj", "{C2479DB0-0509-42C6-9337-29A6E95C2381}"
EndProject
Global
	GlobalSection(SolutionConfigurationPlatforms) = preSolution
		Debug|Any CPU = Debug|Any CPU
		Release|Any CPU = Release|Any CPU
	EndGlobalSection
	GlobalSection(ProjectConfigurationPlatforms) = postSolution
		{6CB87959-0876-4639-B25A-05ADDD145D75}.Debug|Any CPU.ActiveCfg = Debug|Any CPU
		{6CB87959-0876-4639-B25A-05ADDD145D75}.Debug|Any CPU.Build.0 = Debug|Any CPU
		{6CB87959-0876-4639-B25A-05ADDD145D75}.Release|Any CPU.ActiveCfg = Release|Any CPU
		{6CB87959-0876-4639-B25A-05ADDD145D75}.Release|Any CPU.Build.0 = Release|Any CPU
		{C2479DB0-0509-42C6-9337-29A6E95C2381}.Debug|Any CPU.ActiveCfg = Debug
		{C2479DB0-0509-42C6-9337-29A6E95C2381}.Release|Any CPU.ActiveCfg = Release
		{C2479DB0-0509-42C6-9337-29A6E95C2381}.Release|Any CPU.Build.0 = Release
	EndGlobalSection
	GlobalSection(SolutionProperties) = preSolution
		HideSolutionNode = FALSE
	EndGlobalSection
	GlobalSection(ExtensibilityGlobals) = postSolution
		SolutionGuid = {78AF1444-1C1E-43BF-8258-F84D50648BAB}
	EndGlobalSection
EndGlobal
